// !$*UTF8*$!
{
	archiveVersion = 1;
	classes = {
	};
	objectVersion = 46;
	objects = {

/* Begin PBXBuildFile section */
		648FAB561A6B48F600D6BA39 /* main.m in Sources */ = {isa = PBXBuildFile; fileRef = 648FAB551A6B48F600D6BA39 /* main.m */; };
		648FAB591A6B48F600D6BA39 /* AppDelegate.m in Sources */ = {isa = PBXBuildFile; fileRef = 648FAB581A6B48F600D6BA39 /* AppDelegate.m */; };
		648FAB5C1A6B48F600D6BA39 /* Welcome.m in Sources */ = {isa = PBXBuildFile; fileRef = 648FAB5B1A6B48F600D6BA39 /* Welcome.m */; };
		648FAB5F1A6B48F600D6BA39 /* Main.storyboard in Resources */ = {isa = PBXBuildFile; fileRef = 648FAB5D1A6B48F600D6BA39 /* Main.storyboard */; };
		648FAB611A6B48F600D6BA39 /* Images.xcassets in Resources */ = {isa = PBXBuildFile; fileRef = 648FAB601A6B48F600D6BA39 /* Images.xcassets */; };
		648FAB641A6B48F600D6BA39 /* LaunchScreen.xib in Resources */ = {isa = PBXBuildFile; fileRef = 648FAB621A6B48F600D6BA39 /* LaunchScreen.xib */; };
		648FAB701A6B48F600D6BA39 /* TareaObjCTests.m in Sources */ = {isa = PBXBuildFile; fileRef = 648FAB6F1A6B48F600D6BA39 /* TareaObjCTests.m */; };
		648FAB7F1A6B4EC500D6BA39 /* Bart.png in Resources */ = {isa = PBXBuildFile; fileRef = 648FAB7A1A6B4EC500D6BA39 /* Bart.png */; };
		648FAB801A6B4EC500D6BA39 /* lisa.png in Resources */ = {isa = PBXBuildFile; fileRef = 648FAB7B1A6B4EC500D6BA39 /* lisa.png */; };
		648FAB811A6B4EC500D6BA39 /* Maggie.png in Resources */ = {isa = PBXBuildFile; fileRef = 648FAB7C1A6B4EC500D6BA39 /* Maggie.png */; };
		648FAB821A6B4EC500D6BA39 /* marge.png in Resources */ = {isa = PBXBuildFile; fileRef = 648FAB7D1A6B4EC500D6BA39 /* marge.png */; };
		648FAB831A6B4EC500D6BA39 /* The Simpsons.png in Resources */ = {isa = PBXBuildFile; fileRef = 648FAB7E1A6B4EC500D6BA39 /* The Simpsons.png */; };
		648FAB861A6B536200D6BA39 /* GlobalVars.m in Sources */ = {isa = PBXBuildFile; fileRef = 648FAB851A6B536200D6BA39 /* GlobalVars.m */; };
		648FAB891A6B650200D6BA39 /* ShowView.m in Sources */ = {isa = PBXBuildFile; fileRef = 648FAB881A6B650200D6BA39 /* ShowView.m */; };
		648FAB8B1A6B7C8300D6BA39 /* TituloSimpsons.png in Resources */ = {isa = PBXBuildFile; fileRef = 648FAB8A1A6B7C8300D6BA39 /* TituloSimpsons.png */; };
/* End PBXBuildFile section */

/* Begin PBXContainerItemProxy section */
		648FAB6A1A6B48F600D6BA39 /* PBXContainerItemProxy */ = {
			isa = PBXContainerItemProxy;
			containerPortal = 648FAB481A6B48F600D6BA39 /* Project object */;
			proxyType = 1;
			remoteGlobalIDString = 648FAB4F1A6B48F600D6BA39;
			remoteInfo = TareaObjC;
		};
/* End PBXContainerItemProxy section */

/* Begin PBXFileReference section */
		648FAB501A6B48F600D6BA39 /* TareaObjC.app */ = {isa = PBXFileReference; explicitFileType = wrapper.application; includeInIndex = 0; path = TareaObjC.app; sourceTree = BUILT_PRODUCTS_DIR; };
		648FAB541A6B48F600D6BA39 /* Info.plist */ = {isa = PBXFileReference; lastKnownFileType = text.plist.xml; path = Info.plist; sourceTree = "<group>"; };
		648FAB551A6B48F600D6BA39 /* main.m */ = {isa = PBXFileReference; lastKnownFileType = sourcecode.c.objc; path = main.m; sourceTree = "<group>"; };
		648FAB571A6B48F600D6BA39 /* AppDelegate.h */ = {isa = PBXFileReference; lastKnownFileType = sourcecode.c.h; path = AppDelegate.h; sourceTree = "<group>"; };
		648FAB581A6B48F600D6BA39 /* AppDelegate.m */ = {isa = PBXFileReference; lastKnownFileType = sourcecode.c.objc; path = AppDelegate.m; sourceTree = "<group>"; };
		648FAB5A1A6B48F600D6BA39 /* Welcome.h */ = {isa = PBXFileReference; lastKnownFileType = sourcecode.c.h; path = Welcome.h; sourceTree = "<group>"; };
		648FAB5B1A6B48F600D6BA39 /* Welcome.m */ = {isa = PBXFileReference; lastKnownFileType = sourcecode.c.objc; path = Welcome.m; sourceTree = "<group>"; };
		648FAB5E1A6B48F600D6BA39 /* Base */ = {isa = PBXFileReference; lastKnownFileType = file.storyboard; name = Base; path = Base.lproj/Main.storyboard; sourceTree = "<group>"; };
		648FAB601A6B48F600D6BA39 /* Images.xcassets */ = {isa = PBXFileReference; lastKnownFileType = folder.assetcatalog; path = Images.xcassets; sourceTree = "<group>"; };
		648FAB631A6B48F600D6BA39 /* Base */ = {isa = PBXFileReference; lastKnownFileType = file.xib; name = Base; path = Base.lproj/LaunchScreen.xib; sourceTree = "<group>"; };
		648FAB691A6B48F600D6BA39 /* TareaObjCTests.xctest */ = {isa = PBXFileReference; explicitFileType = wrapper.cfbundle; includeInIndex = 0; path = TareaObjCTests.xctest; sourceTree = BUILT_PRODUCTS_DIR; };
		648FAB6E1A6B48F600D6BA39 /* Info.plist */ = {isa = PBXFileReference; lastKnownFileType = text.plist.xml; path = Info.plist; sourceTree = "<group>"; };
		648FAB6F1A6B48F600D6BA39 /* TareaObjCTests.m */ = {isa = PBXFileReference; lastKnownFileType = sourcecode.c.objc; path = TareaObjCTests.m; sourceTree = "<group>"; };
		648FAB7A1A6B4EC500D6BA39 /* Bart.png */ = {isa = PBXFileReference; lastKnownFileType = image.png; name = Bart.png; path = TareaObjC/Bart.png; sourceTree = "<group>"; };
		648FAB7B1A6B4EC500D6BA39 /* lisa.png */ = {isa = PBXFileReference; lastKnownFileType = image.png; name = lisa.png; path = TareaObjC/lisa.png; sourceTree = "<group>"; };
		648FAB7C1A6B4EC500D6BA39 /* Maggie.png */ = {isa = PBXFileReference; lastKnownFileType = image.png; name = Maggie.png; path = TareaObjC/Maggie.png; sourceTree = "<group>"; };
		648FAB7D1A6B4EC500D6BA39 /* marge.png */ = {isa = PBXFileReference; lastKnownFileType = image.png; name = marge.png; path = TareaObjC/marge.png; sourceTree = "<group>"; };
		648FAB7E1A6B4EC500D6BA39 /* The Simpsons.png */ = {isa = PBXFileReference; lastKnownFileType = image.png; name = "The Simpsons.png"; path = "TareaObjC/The Simpsons.png"; sourceTree = "<group>"; };
		648FAB841A6B536200D6BA39 /* GlobalVars.h */ = {isa = PBXFileReference; fileEncoding = 4; lastKnownFileType = sourcecode.c.h; path = GlobalVars.h; sourceTree = "<group>"; };
		648FAB851A6B536200D6BA39 /* GlobalVars.m */ = {isa = PBXFileReference; fileEncoding = 4; lastKnownFileType = sourcecode.c.objc; path = GlobalVars.m; sourceTree = "<group>"; };
		648FAB871A6B650200D6BA39 /* ShowView.h */ = {isa = PBXFileReference; fileEncoding = 4; lastKnownFileType = sourcecode.c.h; path = ShowView.h; sourceTree = "<group>"; };
		648FAB881A6B650200D6BA39 /* ShowView.m */ = {isa = PBXFileReference; fileEncoding = 4; lastKnownFileType = sourcecode.c.objc; path = ShowView.m; sourceTree = "<group>"; };
		648FAB8A1A6B7C8300D6BA39 /* TituloSimpsons.png */ = {isa = PBXFileReference; lastKnownFileType = image.png; name = TituloSimpsons.png; path = TareaObjC/TituloSimpsons.png; sourceTree = "<group>"; };
/* End PBXFileReference section */

/* Begin PBXFrameworksBuildPhase section */
		648FAB4D1A6B48F600D6BA39 /* Frameworks */ = {
			isa = PBXFrameworksBuildPhase;
			buildActionMask = 2147483647;
			files = (
			);
			runOnlyForDeploymentPostprocessing = 0;
		};
		648FAB661A6B48F600D6BA39 /* Frameworks */ = {
			isa = PBXFrameworksBuildPhase;
			buildActionMask = 2147483647;
			files = (
			);
			runOnlyForDeploymentPostprocessing = 0;
		};
/* End PBXFrameworksBuildPhase section */

/* Begin PBXGroup section */
		648FAB471A6B48F600D6BA39 = {
			isa = PBXGroup;
			children = (
				648FAB791A6B4E6900D6BA39 /* Imagenes */,
				648FAB521A6B48F600D6BA39 /* TareaObjC */,
				648FAB6C1A6B48F600D6BA39 /* TareaObjCTests */,
				648FAB511A6B48F600D6BA39 /* Products */,
			);
			sourceTree = "<group>";
		};
		648FAB511A6B48F600D6BA39 /* Products */ = {
			isa = PBXGroup;
			children = (
				648FAB501A6B48F600D6BA39 /* TareaObjC.app */,
				648FAB691A6B48F600D6BA39 /* TareaObjCTests.xctest */,
			);
			name = Products;
			sourceTree = "<group>";
		};
		648FAB521A6B48F600D6BA39 /* TareaObjC */ = {
			isa = PBXGroup;
			children = (
				648FAB571A6B48F600D6BA39 /* AppDelegate.h */,
				648FAB581A6B48F600D6BA39 /* AppDelegate.m */,
				648FAB841A6B536200D6BA39 /* GlobalVars.h */,
				648FAB851A6B536200D6BA39 /* GlobalVars.m */,
				648FAB5A1A6B48F600D6BA39 /* Welcome.h */,
				648FAB5B1A6B48F600D6BA39 /* Welcome.m */,
				648FAB871A6B650200D6BA39 /* ShowView.h */,
				648FAB881A6B650200D6BA39 /* ShowView.m */,
				648FAB5D1A6B48F600D6BA39 /* Main.storyboard */,
				648FAB601A6B48F600D6BA39 /* Images.xcassets */,
				648FAB621A6B48F600D6BA39 /* LaunchScreen.xib */,
				648FAB531A6B48F600D6BA39 /* Supporting Files */,
			);
			path = TareaObjC;
			sourceTree = "<group>";
		};
		648FAB531A6B48F600D6BA39 /* Supporting Files */ = {
			isa = PBXGroup;
			children = (
				648FAB541A6B48F600D6BA39 /* Info.plist */,
				648FAB551A6B48F600D6BA39 /* main.m */,
			);
			name = "Supporting Files";
			sourceTree = "<group>";
		};
		648FAB6C1A6B48F600D6BA39 /* TareaObjCTests */ = {
			isa = PBXGroup;
			children = (
				648FAB6F1A6B48F600D6BA39 /* TareaObjCTests.m */,
				648FAB6D1A6B48F600D6BA39 /* Supporting Files */,
			);
			path = TareaObjCTests;
			sourceTree = "<group>";
		};
		648FAB6D1A6B48F600D6BA39 /* Supporting Files */ = {
			isa = PBXGroup;
			children = (
				648FAB6E1A6B48F600D6BA39 /* Info.plist */,
			);
			name = "Supporting Files";
			sourceTree = "<group>";
		};
		648FAB791A6B4E6900D6BA39 /* Imagenes */ = {
			isa = PBXGroup;
			children = (
				648FAB8A1A6B7C8300D6BA39 /* TituloSimpsons.png */,
				648FAB7A1A6B4EC500D6BA39 /* Bart.png */,
				648FAB7B1A6B4EC500D6BA39 /* lisa.png */,
				648FAB7C1A6B4EC500D6BA39 /* Maggie.png */,
				648FAB7D1A6B4EC500D6BA39 /* marge.png */,
				648FAB7E1A6B4EC500D6BA39 /* The Simpsons.png */,
			);
			name = Imagenes;
			sourceTree = "<group>";
		};
/* End PBXGroup section */

/* Begin PBXNativeTarget section */
		648FAB4F1A6B48F600D6BA39 /* TareaObjC */ = {
			isa = PBXNativeTarget;
			buildConfigurationList = 648FAB731A6B48F600D6BA39 /* Build configuration list for PBXNativeTarget "TareaObjC" */;
			buildPhases = (
				648FAB4C1A6B48F600D6BA39 /* Sources */,
				648FAB4D1A6B48F600D6BA39 /* Frameworks */,
				648FAB4E1A6B48F600D6BA39 /* Resources */,
			);
			buildRules = (
			);
			dependencies = (
			);
			name = TareaObjC;
			productName = TareaObjC;
			productReference = 648FAB501A6B48F600D6BA39 /* TareaObjC.app */;
			productType = "com.apple.product-type.application";
		};
		648FAB681A6B48F600D6BA39 /* TareaObjCTests */ = {
			isa = PBXNativeTarget;
			buildConfigurationList = 648FAB761A6B48F600D6BA39 /* Build configuration list for PBXNativeTarget "TareaObjCTests" */;
			buildPhases = (
				648FAB651A6B48F600D6BA39 /* Sources */,
				648FAB661A6B48F600D6BA39 /* Frameworks */,
				648FAB671A6B48F600D6BA39 /* Resources */,
			);
			buildRules = (
			);
			dependencies = (
				648FAB6B1A6B48F600D6BA39 /* PBXTargetDependency */,
			);
			name = TareaObjCTests;
			productName = TareaObjCTests;
			productReference = 648FAB691A6B48F600D6BA39 /* TareaObjCTests.xctest */;
			productType = "com.apple.product-type.bundle.unit-test";
		};
/* End PBXNativeTarget section */

/* Begin PBXProject section */
		648FAB481A6B48F600D6BA39 /* Project object */ = {
			isa = PBXProject;
			attributes = {
				LastUpgradeCheck = 0610;
				ORGANIZATIONNAME = BTICs;
				TargetAttributes = {
					648FAB4F1A6B48F600D6BA39 = {
						CreatedOnToolsVersion = 6.1.1;
					};
					648FAB681A6B48F600D6BA39 = {
						CreatedOnToolsVersion = 6.1.1;
						TestTargetID = 648FAB4F1A6B48F600D6BA39;
					};
				};
			};
			buildConfigurationList = 648FAB4B1A6B48F600D6BA39 /* Build configuration list for PBXProject "TareaObjC" */;
			compatibilityVersion = "Xcode 3.2";
			developmentRegion = English;
			hasScannedForEncodings = 0;
			knownRegions = (
				en,
				Base,
			);
			mainGroup = 648FAB471A6B48F600D6BA39;
			productRefGroup = 648FAB511A6B48F600D6BA39 /* Products */;
			projectDirPath = "";
			projectRoot = "";
			targets = (
				648FAB4F1A6B48F600D6BA39 /* TareaObjC */,
				648FAB681A6B48F600D6BA39 /* TareaObjCTests */,
			);
		};
/* End PBXProject section */

/* Begin PBXResourcesBuildPhase section */
		648FAB4E1A6B48F600D6BA39 /* Resources */ = {
			isa = PBXResourcesBuildPhase;
			buildActionMask = 2147483647;
			files = (
				648FAB831A6B4EC500D6BA39 /* The Simpsons.png in Resources */,
				648FAB7F1A6B4EC500D6BA39 /* Bart.png in Resources */,
				648FAB821A6B4EC500D6BA39 /* marge.png in Resources */,
				648FAB801A6B4EC500D6BA39 /* lisa.png in Resources */,
				648FAB5F1A6B48F600D6BA39 /* Main.storyboard in Resources */,
				648FAB641A6B48F600D6BA39 /* LaunchScreen.xib in Resources */,
				648FAB8B1A6B7C8300D6BA39 /* TituloSimpsons.png in Resources */,
				648FAB611A6B48F600D6BA39 /* Images.xcassets in Resources */,
				648FAB811A6B4EC500D6BA39 /* Maggie.png in Resources */,
			);
			runOnlyForDeploymentPostprocessing = 0;
		};
		648FAB671A6B48F600D6BA39 /* Resources */ = {
			isa = PBXResourcesBuildPhase;
			buildActionMask = 2147483647;
			files = (
			);
			runOnlyForDeploymentPostprocessing = 0;
		};
/* End PBXResourcesBuildPhase section */

/* Begin PBXSourcesBuildPhase section */
		648FAB4C1A6B48F600D6BA39 /* Sources */ = {
			isa = PBXSourcesBuildPhase;
			buildActionMask = 2147483647;
			files = (
				648FAB861A6B536200D6BA39 /* GlobalVars.m in Sources */,
				648FAB5C1A6B48F600D6BA39 /* Welcome.m in Sources */,
				648FAB591A6B48F600D6BA39 /* AppDelegate.m in Sources */,
				648FAB891A6B650200D6BA39 /* ShowView.m in Sources */,
				648FAB561A6B48F600D6BA39 /* main.m in Sources */,
			);
			runOnlyForDeploymentPostprocessing = 0;
		};
		648FAB651A6B48F600D6BA39 /* Sources */ = {
			isa = PBXSourcesBuildPhase;
			buildActionMask = 2147483647;
			files = (
				648FAB701A6B48F600D6BA39 /* TareaObjCTests.m in Sources */,
			);
			runOnlyForDeploymentPostprocessing = 0;
		};
/* End PBXSourcesBuildPhase section */

/* Begin PBXTargetDependency section */
		648FAB6B1A6B48F600D6BA39 /* PBXTargetDependency */ = {
			isa = PBXTargetDependency;
			target = 648FAB4F1A6B48F600D6BA39 /* TareaObjC */;
			targetProxy = 648FAB6A1A6B48F600D6BA39 /* PBXContainerItemProxy */;
		};
/* End PBXTargetDependency section */

/* Begin PBXVariantGroup section */
		648FAB5D1A6B48F600D6BA39 /* Main.storyboard */ = {
			isa = PBXVariantGroup;
			children = (
				648FAB5E1A6B48F600D6BA39 /* Base */,
			);
			name = Main.storyboard;
			sourceTree = "<group>";
		};
		648FAB621A6B48F600D6BA39 /* LaunchScreen.xib */ = {
			isa = PBXVariantGroup;
			children = (
				648FAB631A6B48F600D6BA39 /* Base */,
			);
			name = LaunchScreen.xib;
			sourceTree = "<group>";
		};
/* End PBXVariantGroup section */

/* Begin XCBuildConfiguration section */
		648FAB711A6B48F600D6BA39 /* Debug */ = {
			isa = XCBuildConfiguration;
			buildSettings = {
				ALWAYS_SEARCH_USER_PATHS = NO;
				CLANG_CXX_LANGUAGE_STANDARD = "gnu++0x";
				CLANG_CXX_LIBRARY = "libc++";
				CLANG_ENABLE_MODULES = YES;
				CLANG_ENABLE_OBJC_ARC = YES;
				CLANG_WARN_BOOL_CONVERSION = YES;
				CLANG_WARN_CONSTANT_CONVERSION = YES;
				CLANG_WARN_DIRECT_OBJC_ISA_USAGE = YES_ERROR;
				CLANG_WARN_EMPTY_BODY = YES;
				CLANG_WARN_ENUM_CONVERSION = YES;
				CLANG_WARN_INT_CONVERSION = YES;
				CLANG_WARN_OBJC_ROOT_CLASS = YES_ERROR;
				CLANG_WARN_UNREACHABLE_CODE = YES;
				CLANG_WARN__DUPLICATE_METHOD_MATCH = YES;
				"CODE_SIGN_IDENTITY[sdk=iphoneos*]" = "iPhone Developer";
				COPY_PHASE_STRIP = NO;
				ENABLE_STRICT_OBJC_MSGSEND = YES;
				GCC_C_LANGUAGE_STANDARD = gnu99;
				GCC_DYNAMIC_NO_PIC = NO;
				GCC_OPTIMIZATION_LEVEL = 0;
				GCC_PREPROCESSOR_DEFINITIONS = (
					"DEBUG=1",
					"$(inherited)",
				);
				GCC_SYMBOLS_PRIVATE_EXTERN = NO;
				GCC_WARN_64_TO_32_BIT_CONVERSION = YES;
				GCC_WARN_ABOUT_RETURN_TYPE = YES_ERROR;
				GCC_WARN_UNDECLARED_SELECTOR = YES;
				GCC_WARN_UNINITIALIZED_AUTOS = YES_AGGRESSIVE;
				GCC_WARN_UNUSED_FUNCTION = YES;
				GCC_WARN_UNUSED_VARIABLE = YES;
				IPHONEOS_DEPLOYMENT_TARGET = 8.1;
				MTL_ENABLE_DEBUG_INFO = YES;
				ONLY_ACTIVE_ARCH = YES;
				SDKROOT = iphoneos;
			};
			name = Debug;
		};
		648FAB721A6B48F600D6BA39 /* Release */ = {
			isa = XCBuildConfiguration;
			buildSettings = {
				ALWAYS_SEARCH_USER_PATHS = NO;
				CLANG_CXX_LANGUAGE_STANDARD = "gnu++0x";
				CLANG_CXX_LIBRARY = "libc++";
				CLANG_ENABLE_MODULES = YES;
				CLANG_ENABLE_OBJC_ARC = YES;
				CLANG_WARN_BOOL_CONVERSION = YES;
				CLANG_WARN_CONSTANT_CONVERSION = YES;
				CLANG_WARN_DIRECT_OBJC_ISA_USAGE = YES_ERROR;
				CLANG_WARN_EMPTY_BODY = YES;
				CLANG_WARN_ENUM_CONVERSION = YES;
				CLANG_WARN_INT_CONVERSION = YES;
				CLANG_WARN_OBJC_ROOT_CLASS = YES_ERROR;
				CLANG_WARN_UNREACHABLE_CODE = YES;
				CLANG_WARN__DUPLICATE_METHOD_MATCH = YES;
				"CODE_SIGN_IDENTITY[sdk=iphoneos*]" = "iPhone Developer";
				COPY_PHASE_STRIP = YES;
				ENABLE_NS_ASSERTIONS = NO;
				ENABLE_STRICT_OBJC_MSGSEND = YES;
				GCC_C_LANGUAGE_STANDARD = gnu99;
				GCC_WARN_64_TO_32_BIT_CONVERSION = YES;
				GCC_WARN_ABOUT_RETURN_TYPE = YES_ERROR;
				GCC_WARN_UNDECLARED_SELECTOR = YES;
				GCC_WARN_UNINITIALIZED_AUTOS = YES_AGGRESSIVE;
				GCC_WARN_UNUSED_FUNCTION = YES;
				GCC_WARN_UNUSED_VARIABLE = YES;
				IPHONEOS_DEPLOYMENT_TARGET = 8.1;
				MTL_ENABLE_DEBUG_INFO = NO;
				SDKROOT = iphoneos;
				VALIDATE_PRODUCT = YES;
			};
			name = Release;
		};
		648FAB741A6B48F600D6BA39 /* Debug */ = {
			isa = XCBuildConfiguration;
			buildSettings = {
				ASSETCATALOG_COMPILER_APPICON_NAME = AppIcon;
				INFOPLIST_FILE = TareaObjC/Info.plist;
				LD_RUNPATH_SEARCH_PATHS = "$(inherited) @executable_path/Frameworks";
				PRODUCT_NAME = "$(TARGET_NAME)";
			};
			name = Debug;
		};
		648FAB751A6B48F600D6BA39 /* Release */ = {
			isa = XCBuildConfiguration;
			buildSettings = {
				ASSETCATALOG_COMPILER_APPICON_NAME = AppIcon;
				INFOPLIST_FILE = TareaObjC/Info.plist;
				LD_RUNPATH_SEARCH_PATHS = "$(inherited) @executable_path/Frameworks";
				PRODUCT_NAME = "$(TARGET_NAME)";
			};
			name = Release;
		};
		648FAB771A6B48F600D6BA39 /* Debug */ = {
			isa = XCBuildConfiguration;
			buildSettings = {
				BUNDLE_LOADER = "$(TEST_HOST)";
				FRAMEWORK_SEARCH_PATHS = (
					"$(SDKROOT)/Developer/Library/Frameworks",
					"$(inherited)",
				);
				GCC_PREPROCESSOR_DEFINITIONS = (
					"DEBUG=1",
					"$(inherited)",
				);
				INFOPLIST_FILE = TareaObjCTests/Info.plist;
				LD_RUNPATH_SEARCH_PATHS = "$(inherited) @executable_path/Frameworks @loader_path/Frameworks";
				PRODUCT_NAME = "$(TARGET_NAME)";
				TEST_HOST = "$(BUILT_PRODUCTS_DIR)/TareaObjC.app/TareaObjC";
			};
			name = Debug;
		};
		648FAB781A6B48F600D6BA39 /* Release */ = {
			isa = XCBuildConfiguration;
			buildSettings = {
				BUNDLE_LOADER = "$(TEST_HOST)";
				FRAMEWORK_SEARCH_PATHS = (
					"$(SDKROOT)/Developer/Library/Frameworks",
					"$(inherited)",
				);
				INFOPLIST_FILE = TareaObjCTests/Info.plist;
				LD_RUNPATH_SEARCH_PATHS = "$(inherited) @executable_path/Frameworks @loader_path/Frameworks";
				PRODUCT_NAME = "$(TARGET_NAME)";
				TEST_HOST = "$(BUILT_PRODUCTS_DIR)/TareaObjC.app/TareaObjC";
			};
			name = Release;
		};
/* End XCBuildConfiguration section */

/* Begin XCConfigurationList section */
		648FAB4B1A6B48F600D6BA39 /* Build configuration list for PBXProject "TareaObjC" */ = {
			isa = XCConfigurationList;
			buildConfigurations = (
				648FAB711A6B48F600D6BA39 /* Debug */,
				648FAB721A6B48F600D6BA39 /* Release */,
			);
			defaultConfigurationIsVisible = 0;
			defaultConfigurationName = Release;
		};
		648FAB731A6B48F600D6BA39 /* Build configuration list for PBXNativeTarget "TareaObjC" */ = {
			isa = XCConfigurationList;
			buildConfigurations = (
				648FAB741A6B48F600D6BA39 /* Debug */,
				648FAB751A6B48F600D6BA39 /* Release */,
			);
			defaultConfigurationIsVisible = 0;
		};
		648FAB761A6B48F600D6BA39 /* Build configuration list for PBXNativeTarget "TareaObjCTests" */ = {
			isa = XCConfigurationList;
			buildConfigurations = (
				648FAB771A6B48F600D6BA39 /* Debug */,
				648FAB781A6B48F600D6BA39 /* Release */,
			);
			defaultConfigurationIsVisible = 0;
		};
/* End XCConfigurationList section */
	};
	rootObject = 648FAB481A6B48F600D6BA39 /* Project object */;
}
